
Microsoft Visual Studio Solution File, Format Version 12.00
# Visual Studio Version 17
VisualStudioVersion = 17.0.31903.59
MinimumVisualStudioVersion = 10.0.40219.1
Project("{FAE04EC0-301F-11D3-BF4B-00C04F79EFBC}") = "ConsoleApp", "ConsoleApp\ConsoleApp.csproj", "{5AC2E460-4399-4FB1-B424-BDAF61B0C499}"
EndProject
Project("{FAE04EC0-301F-11D3-BF4B-00C04F79EFBC}") = "ConsoleApp.Tests", "ConsoleApp.Tests\ConsoleApp.Tests.csproj", "{7D72CE25-B25E-400A-B919-10B3212A38F7}"
EndProject
Global
	GlobalSection(SolutionConfigurationPlatforms) = preSolution
		Debug|Any CPU = Debug|Any CPU
		Release|Any CPU = Release|Any CPU
	EndGlobalSection
	GlobalSection(SolutionProperties) = preSolution
		HideSolutionNode = FALSE
	EndGlobalSection
	GlobalSection(ProjectConfigurationPlatforms) = postSolution
		{5AC2E460-4399-4FB1-B424-BDAF61B0C499}.Debug|Any CPU.ActiveCfg = Debug|Any CPU
		{5AC2E460-4399-4FB1-B424-BDAF61B0C499}.Debug|Any CPU.Build.0 = Debug|Any CPU
		{5AC2E460-4399-4FB1-B424-BDAF61B0C499}.Release|Any CPU.ActiveCfg = Release|Any CPU
		{5AC2E460-4399-4FB1-B424-BDAF61B0C499}.Release|Any CPU.Build.0 = Release|Any CPU
		{7D72CE25-B25E-400A-B919-10B3212A38F7}.Debug|Any CPU.ActiveCfg = Debug|Any CPU
		{7D72CE25-B25E-400A-B919-10B3212A38F7}.Debug|Any CPU.Build.0 = Debug|Any CPU
		{7D72CE25-B25E-400A-B919-10B3212A38F7}.Release|Any CPU.ActiveCfg = Release|Any CPU
		{7D72CE25-B25E-400A-B919-10B3212A38F7}.Release|Any CPU.Build.0 = Release|Any CPU
	EndGlobalSection
EndGlobal
